
Microsoft Visual Studio Solution File, Format Version 12.00
# Visual Studio Version 17
VisualStudioVersion = 17.4.33213.308
MinimumVisualStudioVersion = 10.0.40219.1
Project("{FAE04EC0-301F-11D3-BF4B-00C04F79EFBC}") = "Proyecto", "Proyecto.csproj", "{425607B6-8BF9-4B43-95CC-7419D1689193}"
EndProject
Global
	GlobalSection(SolutionConfigurationPlatforms) = preSolution
		Debug|Any CPU = Debug|Any CPU
		Release|Any CPU = Release|Any CPU
	EndGlobalSection
	GlobalSection(ProjectConfigurationPlatforms) = postSolution
		{425607B6-8BF9-4B43-95CC-7419D1689193}.Debug|Any CPU.ActiveCfg = Debug|Any CPU
		{425607B6-8BF9-4B43-95CC-7419D1689193}.Debug|Any CPU.Build.0 = Debug|Any CPU
		{425607B6-8BF9-4B43-95CC-7419D1689193}.Release|Any CPU.ActiveCfg = Release|Any CPU
		{425607B6-8BF9-4B43-95CC-7419D1689193}.Release|Any CPU.Build.0 = Release|Any CPU
	EndGlobalSection
	GlobalSection(SolutionProperties) = preSolution
		HideSolutionNode = FALSE
	EndGlobalSection
	GlobalSection(ExtensibilityGlobals) = postSolution
		SolutionGuid = {281350F1-2FC6-4FB7-B749-4DBF6E0AC823}
	EndGlobalSection
EndGlobal
